<Solution>
  <Project Path="src/GitNeko.Domain/GitNeko.Domain.csproj" />
  <Project Path="src/GitNeko.Infrastructure/GitNeko.Infrastructure.csproj" />
  <Project Path="src/GitNeko/GitNeko.csproj" />
  <Project Path="src/GitNeko.Application/GitNeko.Application.csproj" />
  <Project Path="tests/GitNeko.Domain.Tests/GitNeko.Domain.Tests.csproj" />
</Solution>
